PODS:
  - app_links (0.0.1):
    - Flutter
  - CollectionAndTableViewCompatible (0.2.2)
  - connectivity_plus (0.0.1):
    - Flutter
  - device_info_plus (0.0.1):
    - Flutter
  - DTCollectionViewManager (11.0.0):
    - DTModelStorage (~> 11.0.0)
  - DTModelStorage (11.0.2):
    - DTModelStorage/Core (= 11.0.2)
  - DTModelStorage/Core (11.0.2)
  - Firebase/CoreOnly (11.15.0):
    - FirebaseCore (~> 11.15.0)
  - Firebase/Messaging (11.15.0):
    - Firebase/CoreOnly
    - FirebaseMessaging (~> 11.15.0)
  - firebase_core (3.15.2):
    - Firebase/CoreOnly (= 11.15.0)
    - Flutter
  - firebase_messaging (15.2.10):
    - Firebase/Messaging (= 11.15.0)
    - firebase_core
    - Flutter
  - FirebaseCore (11.15.0):
    - FirebaseCoreInternal (~> 11.15.0)
    - GoogleUtilities/Environment (~> 8.1)
    - GoogleUtilities/Logger (~> 8.1)
  - FirebaseCoreInternal (11.15.0):
    - "GoogleUtilities/NSData+zlib (~> 8.1)"
  - FirebaseInstallations (11.15.0):
    - FirebaseCore (~> 11.15.0)
    - GoogleUtilities/Environment (~> 8.1)
    - GoogleUtilities/UserDefaults (~> 8.1)
    - PromisesObjC (~> 2.4)
  - FirebaseMessaging (11.15.0):
    - FirebaseCore (~> 11.15.0)
    - FirebaseInstallations (~> 11.0)
    - GoogleDataTransport (~> 10.0)
    - GoogleUtilities/AppDelegateSwizzler (~> 8.1)
    - GoogleUtilities/Environment (~> 8.1)
    - GoogleUtilities/Reachability (~> 8.1)
    - GoogleUtilities/UserDefaults (~> 8.1)
    - nanopb (~> 3.30910.0)
  - Flutter (1.0.0)
  - flutter_custom_tabs_ios (2.0.0):
    - Flutter
  - flutter_local_notifications (0.0.1):
    - Flutter
  - flutter_native_splash (2.4.3):
    - Flutter
  - geolocator_apple (1.2.0):
    - Flutter
  - GoogleDataTransport (10.1.0):
    - nanopb (~> 3.30910.0)
    - PromisesObjC (~> 2.4)
  - GoogleUtilities/AppDelegateSwizzler (8.1.0):
    - GoogleUtilities/Environment
    - GoogleUtilities/Logger
    - GoogleUtilities/Network
    - GoogleUtilities/Privacy
  - GoogleUtilities/Environment (8.1.0):
    - GoogleUtilities/Privacy
  - GoogleUtilities/Logger (8.1.0):
    - GoogleUtilities/Environment
    - GoogleUtilities/Privacy
  - GoogleUtilities/Network (8.1.0):
    - GoogleUtilities/Logger
    - "GoogleUtilities/NSData+zlib"
    - GoogleUtilities/Privacy
    - GoogleUtilities/Reachability
  - "GoogleUtilities/NSData+zlib (8.1.0)":
    - GoogleUtilities/Privacy
  - GoogleUtilities/Privacy (8.1.0)
  - GoogleUtilities/Reachability (8.1.0):
    - GoogleUtilities/Logger
    - GoogleUtilities/Privacy
  - GoogleUtilities/UserDefaults (8.1.0):
    - GoogleUtilities/Logger
    - GoogleUtilities/Privacy
  - GzipSwift (5.1.1)
  - JFEmojiPicker (2.0.0)
  - JFMarkdownKit (2.0.0)
  - JFWebSocket (3.0.0)
  - JivoSDK (5.0.3):
    - JivoSDK/SDK (= 5.0.3)
  - JivoSDK/SDK (5.0.3):
    - CollectionAndTableViewCompatible (~> 0.2.2)
    - GzipSwift (~> 5.1.1)
    - JFEmojiPicker (= 2.0.0)
    - JFMarkdownKit (= 2.0.0)
    - JFWebSocket (= 3.0.0)
    - JMCodingKit (= 6.0.0)
    - JMDesignKit (= 2.0.0)
    - JMMarkdownKit (= 2.0.0)
    - JMOnetimeCalculator (= 2.0.0)
    - JMRepicKit (= 2.0.0)
    - JMScalableView (= 2.0.0)
    - JMSidePanelKit (= 2.0.0)
    - JMTimelineKit (= 6.0.0)
    - JWTDecode (~> 2.6)
    - KeychainSwift (< 23.0, >= 20.0)
    - libPhoneNumber-iOS (~> 0.9.15)
    - PureParser (~> 2.0.0)
    - ReachabilitySwift (~> 5.0)
    - SwiftDate (~> 6.0)
    - SwiftMime (~> 1.0.0)
    - TypedTextAttributes (~> 1.4.0)
    - XCGLogger (~> 7.0.1)
  - jivosdk_plugin (0.2.0):
    - Flutter
    - JivoSDK
  - JMCodingKit (6.0.0)
  - JMDesignKit (2.0.0)
  - JMImageLoader (1.0.1)
  - JMMarkdownKit (2.0.0):
    - JFMarkdownKit
    - JMDesignKit
    - TypedTextAttributes
  - JMOnetimeCalculator (2.0.0)
  - JMRepicKit (2.0.0):
    - JMImageLoader (~> 1.0)
  - JMScalableView (2.0.0):
    - JMDesignKit
  - JMSidePanelKit (2.0.0)
  - JMTimelineKit (6.0.0):
    - DTCollectionViewManager (~> 11.0)
    - JMOnetimeCalculator
    - SwiftyNSException
  - JWTDecode (2.6.3)
  - KeychainSwift (22.0.0)
  - libPhoneNumber-iOS (0.9.15)
  - nanopb (3.30910.0):
    - nanopb/decode (= 3.30910.0)
    - nanopb/encode (= 3.30910.0)
  - nanopb/decode (3.30910.0)
  - nanopb/encode (3.30910.0)
  - ObjcExceptionBridging (7.1.5):
    - ObjcExceptionBridging/ObjcExceptionBridging (= 7.1.5)
  - ObjcExceptionBridging/ObjcExceptionBridging (7.1.5)
  - open_file_ios (0.0.1):
    - Flutter
  - path_provider_foundation (0.0.1):
    - Flutter
    - FlutterMacOS
  - PromisesObjC (2.4.0)
  - PureParser (2.0.0)
  - ReachabilitySwift (5.2.4)
  - share_plus (0.0.1):
    - Flutter
  - shared_preferences_foundation (0.0.1):
    - Flutter
    - FlutterMacOS
  - sqflite_darwin (0.0.4):
    - Flutter
    - FlutterMacOS
  - SwiftDate (6.3.1)
  - SwiftMime (1.0.0)
  - SwiftyNSException (2.0.0)
  - TypedTextAttributes (1.4.0)
  - url_launcher_ios (0.0.1):
    - Flutter
  - XCGLogger (7.0.1):
    - XCGLogger/Core (= 7.0.1)
  - XCGLogger/Core (7.0.1):
    - ObjcExceptionBridging
  - yandex_mapkit (0.0.1):
    - Flutter
    - YandexMapsMobile (= 4.6.1-lite)
  - YandexMapsMobile (4.6.1-lite)

DEPENDENCIES:
  - app_links (from `.symlinks/plugins/app_links/ios`)
  - connectivity_plus (from `.symlinks/plugins/connectivity_plus/ios`)
  - device_info_plus (from `.symlinks/plugins/device_info_plus/ios`)
  - firebase_core (from `.symlinks/plugins/firebase_core/ios`)
  - firebase_messaging (from `.symlinks/plugins/firebase_messaging/ios`)
  - Flutter (from `Flutter`)
  - flutter_custom_tabs_ios (from `.symlinks/plugins/flutter_custom_tabs_ios/ios`)
  - flutter_local_notifications (from `.symlinks/plugins/flutter_local_notifications/ios`)
  - flutter_native_splash (from `.symlinks/plugins/flutter_native_splash/ios`)
  - geolocator_apple (from `.symlinks/plugins/geolocator_apple/ios`)
  - jivosdk_plugin (from `.symlinks/plugins/jivosdk_plugin/ios`)
  - open_file_ios (from `.symlinks/plugins/open_file_ios/ios`)
  - path_provider_foundation (from `.symlinks/plugins/path_provider_foundation/darwin`)
  - share_plus (from `.symlinks/plugins/share_plus/ios`)
  - shared_preferences_foundation (from `.symlinks/plugins/shared_preferences_foundation/darwin`)
  - sqflite_darwin (from `.symlinks/plugins/sqflite_darwin/darwin`)
  - url_launcher_ios (from `.symlinks/plugins/url_launcher_ios/ios`)
  - yandex_mapkit (from `.symlinks/plugins/yandex_mapkit/ios`)

SPEC REPOS:
  https://github.com/cocoapods/specs:
    - CollectionAndTableViewCompatible
    - DTCollectionViewManager
    - DTModelStorage
    - Firebase
    - FirebaseCore
    - FirebaseCoreInternal
    - FirebaseInstallations
    - FirebaseMessaging
    - GoogleDataTransport
    - GoogleUtilities
    - GzipSwift
    - JWTDecode
    - KeychainSwift
    - libPhoneNumber-iOS
    - nanopb
    - ObjcExceptionBridging
    - PromisesObjC
    - ReachabilitySwift
    - SwiftDate
    - SwiftMime
    - SwiftyNSException
    - TypedTextAttributes
    - XCGLogger
    - YandexMapsMobile
  https://github.com/jivochat/cocoapods-repo:
    - JFEmojiPicker
    - JFMarkdownKit
    - JFWebSocket
    - JivoSDK
    - JMCodingKit
    - JMDesignKit
    - JMImageLoader
    - JMMarkdownKit
    - JMOnetimeCalculator
    - JMRepicKit
    - JMScalableView
    - JMSidePanelKit
    - JMTimelineKit
    - PureParser

EXTERNAL SOURCES:
  app_links:
    :path: ".symlinks/plugins/app_links/ios"
  connectivity_plus:
    :path: ".symlinks/plugins/connectivity_plus/ios"
  device_info_plus:
    :path: ".symlinks/plugins/device_info_plus/ios"
  firebase_core:
    :path: ".symlinks/plugins/firebase_core/ios"
  firebase_messaging:
    :path: ".symlinks/plugins/firebase_messaging/ios"
  Flutter:
    :path: Flutter
  flutter_custom_tabs_ios:
    :path: ".symlinks/plugins/flutter_custom_tabs_ios/ios"
  flutter_local_notifications:
    :path: ".symlinks/plugins/flutter_local_notifications/ios"
  flutter_native_splash:
    :path: ".symlinks/plugins/flutter_native_splash/ios"
  geolocator_apple:
    :path: ".symlinks/plugins/geolocator_apple/ios"
  jivosdk_plugin:
    :path: ".symlinks/plugins/jivosdk_plugin/ios"
  open_file_ios:
    :path: ".symlinks/plugins/open_file_ios/ios"
  path_provider_foundation:
    :path: ".symlinks/plugins/path_provider_foundation/darwin"
  share_plus:
    :path: ".symlinks/plugins/share_plus/ios"
  shared_preferences_foundation:
    :path: ".symlinks/plugins/shared_preferences_foundation/darwin"
  sqflite_darwin:
    :path: ".symlinks/plugins/sqflite_darwin/darwin"
  url_launcher_ios:
    :path: ".symlinks/plugins/url_launcher_ios/ios"
  yandex_mapkit:
    :path: ".symlinks/plugins/yandex_mapkit/ios"

SPEC CHECKSUMS:
  app_links: e70ca16b4b0f88253b3b3660200d4a10b4ea9795
  CollectionAndTableViewCompatible: 10a37e76c29faa193595f7d345e4353473e4ce92
  connectivity_plus: 2a701ffec2c0ae28a48cf7540e279787e77c447d
  device_info_plus: bf2e3232933866d73fe290f2942f2156cdd10342
  DTCollectionViewManager: ca85ad0b71bc42d04852609e8c26664c138b7909
  DTModelStorage: 321da46178bb09fec4a681cb6ff34c20e173319e
  Firebase: d99ac19b909cd2c548339c2241ecd0d1599ab02e
  firebase_core: 99a37263b3c27536063a7b601d9e2a49400a433c
  firebase_messaging: bf6697c61f31c7cc0f654131212ff04c0115c2c7
  FirebaseCore: efb3893e5b94f32b86e331e3bd6dadf18b66568e
  FirebaseCoreInternal: 9afa45b1159304c963da48addb78275ef701c6b4
  FirebaseInstallations: 317270fec08a5d418fdbc8429282238cab3ac843
  FirebaseMessaging: 3b26e2cee503815e01c3701236b020aa9b576f09
  Flutter: e0871f40cf51350855a761d2e70bf5af5b9b5de7
  flutter_custom_tabs_ios: a651b18786388923b62de8c0537607de87c2eccf
  flutter_local_notifications: ff50f8405aaa0ccdc7dcfb9022ca192e8ad9688f
  flutter_native_splash: f71420956eb811e6d310720fee915f1d42852e7a
  geolocator_apple: 9bcea1918ff7f0062d98345d238ae12718acfbc1
  GoogleDataTransport: aae35b7ea0c09004c3797d53c8c41f66f219d6a7
  GoogleUtilities: 00c88b9a86066ef77f0da2fab05f65d7768ed8e1
  GzipSwift: 893f3e48e597a1a4f62fafcb6514220fcf8287fa
  JFEmojiPicker: 118e391b52407a4fa30c74c084f707a125a2c484
  JFMarkdownKit: 1e21e28dcd6b3a2788f9ac2627a56ea4e3874312
  JFWebSocket: d0a6b1e6126b49c4677ede21f5c8bb2b72ed72f0
  JivoSDK: 3ff90e5c95df6c882ff72192ad542d88e01c4ea5
  jivosdk_plugin: 2f416c8f0c997eb7217e76d9ce82d935e4feff94
  JMCodingKit: 683af973f6fc479328a6c6cb33569840e60d7491
  JMDesignKit: c7fd7d34a4c67a8892cca737213d312f735f8f18
  JMImageLoader: 60d2f292d223bdeba9e17759e484e822cce9d650
  JMMarkdownKit: 6a7e3e545b9fdc637623796df286b0a8f0d5a303
  JMOnetimeCalculator: 6095b731afed03b120415cb1e2e93e5ec32e1b63
  JMRepicKit: 0e1c248271dfd1ee9339b76a40d9ff4a810030da
  JMScalableView: 6031bc1654b8d0a7974cacd39ce6b49a65f9dd14
  JMSidePanelKit: 35ec9a634e2ca5242096b078fef03b4eae65a3e9
  JMTimelineKit: 905ee82b3c13437d9a5f2ebfec22af3dc99b25b5
  JWTDecode: 33e5e26e5ddbd21b2065820894c08fef0cad9509
  KeychainSwift: 72f81155e1cb01c1bc4da296e4ce2cfcff556a12
  libPhoneNumber-iOS: 0a32a9525cf8744fe02c5206eb30d571e38f7d75
  nanopb: fad817b59e0457d11a5dfbde799381cd727c1275
  ObjcExceptionBridging: d3d37d62981bb7f252ecb31b62d7e23a96bbfb8a
  open_file_ios: 461db5853723763573e140de3193656f91990d9e
  path_provider_foundation: 2b6b4c569c0fb62ec74538f866245ac84301af46
  PromisesObjC: f5707f49cb48b9636751c5b2e7d227e43fba9f47
  PureParser: 88104535a945042c2ed259f24cfedab4e3416e40
  ReachabilitySwift: 32793e867593cfc1177f5d16491e3a197d2fccda
  share_plus: 8b6f8b3447e494cca5317c8c3073de39b3600d1f
  shared_preferences_foundation: fcdcbc04712aee1108ac7fda236f363274528f78
  sqflite_darwin: 5a7236e3b501866c1c9befc6771dfd73ffb8702d
  SwiftDate: 72d28954e8e1c6c1c0f917ccc8005e4f83c7d4b2
  SwiftMime: 646f8ad739280b819860e1b58a273cec6baaccf4
  SwiftyNSException: 14b2593b12fec2a29e8666a3f8db682161b3aa0a
  TypedTextAttributes: 8b363a82553099d885c9f06648ae9aed09bec263
  url_launcher_ios: 5334b05cef931de560670eeae103fd3e431ac3fe
  XCGLogger: 1943831ef907df55108b0b18657953f868de973b
  yandex_mapkit: 99516c0d4d24d61bcb3711b5944223e8a3d70b46
  YandexMapsMobile: 7e20ef4db180b901c96f8107fade91d6349248a0

PODFILE CHECKSUM: 189892b421e17c79e971a89445e406bd3337fb72

COCOAPODS: 1.16.2
